
Microsoft Visual Studio Solution File, Format Version 12.00
# Visual Studio Version 16
VisualStudioVersion = 16.0.29230.47
MinimumVisualStudioVersion = 10.0.40219.1
Project("{9A19103F-16F7-4668-BE54-9A1E7A4F7556}") = "Brander", "Brander\Brander.csproj", "{28650A99-B4C3-4CD1-A547-E34EB1195D6E}"
EndProject
Project("{9A19103F-16F7-4668-BE54-9A1E7A4F7556}") = "SpectFlowWebDriver", "SpectFlowWebDriver\SpectFlowWebDriver.csproj", "{EED82ABD-22BC-40BB-9B2E-1EC4B5E906A7}"
EndProject
Project("{FAE04EC0-301F-11D3-BF4B-00C04F79EFBC}") = "NUnitTestSpectFlow", "NUnitTestSpectFlow\NUnitTestSpectFlow.csproj", "{8691D62D-D0D7-437D-81C9-DD368EBC983D}"
EndProject
Global
	GlobalSection(SolutionConfigurationPlatforms) = preSolution
		Debug|Any CPU = Debug|Any CPU
		Release|Any CPU = Release|Any CPU
	EndGlobalSection
	GlobalSection(ProjectConfigurationPlatforms) = postSolution
		{28650A99-B4C3-4CD1-A547-E34EB1195D6E}.Debug|Any CPU.ActiveCfg = Debug|Any CPU
		{28650A99-B4C3-4CD1-A547-E34EB1195D6E}.Debug|Any CPU.Build.0 = Debug|Any CPU
		{28650A99-B4C3-4CD1-A547-E34EB1195D6E}.Release|Any CPU.ActiveCfg = Release|Any CPU
		{28650A99-B4C3-4CD1-A547-E34EB1195D6E}.Release|Any CPU.Build.0 = Release|Any CPU
		{EED82ABD-22BC-40BB-9B2E-1EC4B5E906A7}.Debug|Any CPU.ActiveCfg = Debug|Any CPU
		{EED82ABD-22BC-40BB-9B2E-1EC4B5E906A7}.Debug|Any CPU.Build.0 = Debug|Any CPU
		{EED82ABD-22BC-40BB-9B2E-1EC4B5E906A7}.Release|Any CPU.ActiveCfg = Release|Any CPU
		{EED82ABD-22BC-40BB-9B2E-1EC4B5E906A7}.Release|Any CPU.Build.0 = Release|Any CPU
		{8691D62D-D0D7-437D-81C9-DD368EBC983D}.Debug|Any CPU.ActiveCfg = Debug|Any CPU
		{8691D62D-D0D7-437D-81C9-DD368EBC983D}.Debug|Any CPU.Build.0 = Debug|Any CPU
		{8691D62D-D0D7-437D-81C9-DD368EBC983D}.Release|Any CPU.ActiveCfg = Release|Any CPU
		{8691D62D-D0D7-437D-81C9-DD368EBC983D}.Release|Any CPU.Build.0 = Release|Any CPU
	EndGlobalSection
	GlobalSection(SolutionProperties) = preSolution
		HideSolutionNode = FALSE
	EndGlobalSection
	GlobalSection(ExtensibilityGlobals) = postSolution
		SolutionGuid = {09D05B77-CE5F-4982-84EC-1634C9565C1B}
	EndGlobalSection
EndGlobal
